
Microsoft Visual Studio Solution File, Format Version 12.00
# Visual Studio Version 17
VisualStudioVersion = 17.13.35919.96 d17.13
MinimumVisualStudioVersion = 10.0.40219.1
Project("{FAE04EC0-301F-11D3-BF4B-00C04F79EFBC}") = "RoboTupiniquim2025.ConsoleApp", "RoboTupiniquim2025.ConsoleApp\RoboTupiniquim2025.ConsoleApp.csproj", "{2CDE5D01-1CAE-4025-BE13-473F9870E752}"
EndProject
Global
	GlobalSection(SolutionConfigurationPlatforms) = preSolution
		Debug|Any CPU = Debug|Any CPU
		Release|Any CPU = Release|Any CPU
	EndGlobalSection
	GlobalSection(ProjectConfigurationPlatforms) = postSolution
		{2CDE5D01-1CAE-4025-BE13-473F9870E752}.Debug|Any CPU.ActiveCfg = Debug|Any CPU
		{2CDE5D01-1CAE-4025-BE13-473F9870E752}.Debug|Any CPU.Build.0 = Debug|Any CPU
		{2CDE5D01-1CAE-4025-BE13-473F9870E752}.Release|Any CPU.ActiveCfg = Release|Any CPU
		{2CDE5D01-1CAE-4025-BE13-473F9870E752}.Release|Any CPU.Build.0 = Release|Any CPU
	EndGlobalSection
	GlobalSection(SolutionProperties) = preSolution
		HideSolutionNode = FALSE
	EndGlobalSection
	GlobalSection(ExtensibilityGlobals) = postSolution
		SolutionGuid = {AD07AD55-43F4-4F91-9D35-C48EBD44CC91}
	EndGlobalSection
EndGlobal
